PODS:
  - ffmpeg-kit-ios-full-gpl (4.5)
  - ffmpeg-kit-macos-full-gpl (4.5)

DEPENDENCIES:
  - ffmpeg-kit-ios-full-gpl (~> 4.5)
  - ffmpeg-kit-macos-full-gpl (~> 4.5)

SPEC REPOS:
  trunk:
    - ffmpeg-kit-ios-full-gpl
    - ffmpeg-kit-macos-full-gpl

SPEC CHECKSUMS:
  ffmpeg-kit-ios-full-gpl: 486f8176aa796bb97609160292005d7849a69b30
  ffmpeg-kit-macos-full-gpl: 3c1915098543d061e9445c820199b16d5e0c9f8d

PODFILE CHECKSUM: 1a560e49406db36ae595eb72faddd9161c7251f0

COCOAPODS: 1.11.2
