{
  "object": {
    "pins": [
      {
        "package": "FilesUI",
        "repositoryURL": "https://github.com/briannadoubt/FilesUI.git",
        "state": {
          "branch": "main",
          "revision": "001fca2c57961f9e7ced94aa819e6f970d0677d1",
          "version": null
        }
      },
      {
        "package": "ShareSheet",
        "repositoryURL": "https://github.com/briannadoubt/ShareSheet.git",
        "state": {
          "branch": "main",
          "revision": "27bc574d312a02a1c13e91d7fdbe7f3eb228f9a6",
          "version": null
        }
      }
    ]
  },
  "version": 1
}
