{
  "object": {
    "pins": [
      {
        "package": "FilesUI",
        "repositoryURL": "https://github.com/briannadoubt/FilesUI.git",
        "state": {
          "branch": "main",
          "revision": "fabf2451e56b921630c6c66eeb67e876b92bd471",
          "version": null
        }
      },
      {
        "package": "ShareSheet",
        "repositoryURL": "https://github.com/briannadoubt/ShareSheet.git",
        "state": {
          "branch": "main",
          "revision": "27bc574d312a02a1c13e91d7fdbe7f3eb228f9a6",
          "version": null
        }
      }
    ]
  },
  "version": 1
}
