// !$*UTF8*$!
{
	archiveVersion = 1;
	classes = {
	};
	objectVersion = 55;
	objects = {

/* Begin PBXBuildFile section */
		032FA4802734B2DC00EDA764 /* ShareSheet in Frameworks */ = {isa = PBXBuildFile; productRef = 032FA47F2734B2DC00EDA764 /* ShareSheet */; };
		034120692733751600BDE4E4 /* OatmealiOSInfo.plist in Resources */ = {isa = PBXBuildFile; fileRef = 03F70C7E2733372A00476AC4 /* OatmealiOSInfo.plist */; };
		0341206B273468A400BDE4E4 /* FileManager+AppDirectory.swift in Sources */ = {isa = PBXBuildFile; fileRef = 0341206A273468A400BDE4E4 /* FileManager+AppDirectory.swift */; };
		0341206C273468A400BDE4E4 /* FileManager+AppDirectory.swift in Sources */ = {isa = PBXBuildFile; fileRef = 0341206A273468A400BDE4E4 /* FileManager+AppDirectory.swift */; };
		038AFF4F272F3A8000CE33C8 /* Tests_iOS.swift in Sources */ = {isa = PBXBuildFile; fileRef = 038AFF4E272F3A8000CE33C8 /* Tests_iOS.swift */; };
		038AFF51272F3A8000CE33C8 /* Tests_iOSLaunchTests.swift in Sources */ = {isa = PBXBuildFile; fileRef = 038AFF50272F3A8000CE33C8 /* Tests_iOSLaunchTests.swift */; };
		038AFF5B272F3A8000CE33C8 /* Tests_macOS.swift in Sources */ = {isa = PBXBuildFile; fileRef = 038AFF5A272F3A8000CE33C8 /* Tests_macOS.swift */; };
		038AFF5D272F3A8000CE33C8 /* Tests_macOSLaunchTests.swift in Sources */ = {isa = PBXBuildFile; fileRef = 038AFF5C272F3A8000CE33C8 /* Tests_macOSLaunchTests.swift */; };
		038AFF5E272F3A8000CE33C8 /* OatmealApp.swift in Sources */ = {isa = PBXBuildFile; fileRef = 038AFF36272F3A7E00CE33C8 /* OatmealApp.swift */; };
		038AFF5F272F3A8000CE33C8 /* OatmealApp.swift in Sources */ = {isa = PBXBuildFile; fileRef = 038AFF36272F3A7E00CE33C8 /* OatmealApp.swift */; };
		038AFF60272F3A8000CE33C8 /* ContentView.swift in Sources */ = {isa = PBXBuildFile; fileRef = 038AFF37272F3A7E00CE33C8 /* ContentView.swift */; };
		038AFF61272F3A8000CE33C8 /* ContentView.swift in Sources */ = {isa = PBXBuildFile; fileRef = 038AFF37272F3A7E00CE33C8 /* ContentView.swift */; };
		038AFF62272F3A8000CE33C8 /* Assets.xcassets in Resources */ = {isa = PBXBuildFile; fileRef = 038AFF38272F3A8000CE33C8 /* Assets.xcassets */; };
		038AFF63272F3A8000CE33C8 /* Assets.xcassets in Resources */ = {isa = PBXBuildFile; fileRef = 038AFF38272F3A8000CE33C8 /* Assets.xcassets */; };
		038AFF76272F408D00CE33C8 /* VideoConverter.swift in Sources */ = {isa = PBXBuildFile; fileRef = 038AFF75272F408C00CE33C8 /* VideoConverter.swift */; };
		038AFF77272F408D00CE33C8 /* VideoConverter.swift in Sources */ = {isa = PBXBuildFile; fileRef = 038AFF75272F408C00CE33C8 /* VideoConverter.swift */; };
		038AFF79272F40A500CE33C8 /* VideoConverterView.swift in Sources */ = {isa = PBXBuildFile; fileRef = 038AFF78272F40A500CE33C8 /* VideoConverterView.swift */; };
		038AFF7A272F40A500CE33C8 /* VideoConverterView.swift in Sources */ = {isa = PBXBuildFile; fileRef = 038AFF78272F40A500CE33C8 /* VideoConverterView.swift */; };
		038AFF7F272F43EE00CE33C8 /* VideoConverterError.swift in Sources */ = {isa = PBXBuildFile; fileRef = 038AFF7E272F43EE00CE33C8 /* VideoConverterError.swift */; };
		038AFF80272F43EE00CE33C8 /* VideoConverterError.swift in Sources */ = {isa = PBXBuildFile; fileRef = 038AFF7E272F43EE00CE33C8 /* VideoConverterError.swift */; };
		038AFF82272F440200CE33C8 /* VideoCodec.swift in Sources */ = {isa = PBXBuildFile; fileRef = 038AFF81272F440200CE33C8 /* VideoCodec.swift */; };
		038AFF83272F440200CE33C8 /* VideoCodec.swift in Sources */ = {isa = PBXBuildFile; fileRef = 038AFF81272F440200CE33C8 /* VideoCodec.swift */; };
		038AFF85272F441200CE33C8 /* VideoExtension.swift in Sources */ = {isa = PBXBuildFile; fileRef = 038AFF84272F441200CE33C8 /* VideoExtension.swift */; };
		038AFF86272F441200CE33C8 /* VideoExtension.swift in Sources */ = {isa = PBXBuildFile; fileRef = 038AFF84272F441200CE33C8 /* VideoExtension.swift */; };
		038AFF88272F501D00CE33C8 /* VideoConversionSession.swift in Sources */ = {isa = PBXBuildFile; fileRef = 038AFF87272F501D00CE33C8 /* VideoConversionSession.swift */; };
		038AFF89272F501D00CE33C8 /* VideoConversionSession.swift in Sources */ = {isa = PBXBuildFile; fileRef = 038AFF87272F501D00CE33C8 /* VideoConversionSession.swift */; };
		038AFF8B272F505700CE33C8 /* VideoConversionScript.swift in Sources */ = {isa = PBXBuildFile; fileRef = 038AFF8A272F505700CE33C8 /* VideoConversionScript.swift */; };
		038AFF8C272F505700CE33C8 /* VideoConversionScript.swift in Sources */ = {isa = PBXBuildFile; fileRef = 038AFF8A272F505700CE33C8 /* VideoConversionScript.swift */; };
		038AFF8E272F506B00CE33C8 /* VideoRenderScript.swift in Sources */ = {isa = PBXBuildFile; fileRef = 038AFF8D272F506B00CE33C8 /* VideoRenderScript.swift */; };
		038AFF8F272F506B00CE33C8 /* VideoRenderScript.swift in Sources */ = {isa = PBXBuildFile; fileRef = 038AFF8D272F506B00CE33C8 /* VideoRenderScript.swift */; };
		038AFF91272F5DA400CE33C8 /* VideoProbe.swift in Sources */ = {isa = PBXBuildFile; fileRef = 038AFF90272F5DA400CE33C8 /* VideoProbe.swift */; };
		038AFF92272F5DA400CE33C8 /* VideoProbe.swift in Sources */ = {isa = PBXBuildFile; fileRef = 038AFF90272F5DA400CE33C8 /* VideoProbe.swift */; };
		03C44F2627334094000E19D8 /* VideoConversionSessionView.swift in Sources */ = {isa = PBXBuildFile; fileRef = 03C44F2527334094000E19D8 /* VideoConversionSessionView.swift */; };
		03C44F2727334094000E19D8 /* VideoConversionSessionView.swift in Sources */ = {isa = PBXBuildFile; fileRef = 03C44F2527334094000E19D8 /* VideoConversionSessionView.swift */; };
		03F70C702731EC7200476AC4 /* FilesUI in Frameworks */ = {isa = PBXBuildFile; productRef = 03F70C6F2731EC7200476AC4 /* FilesUI */; };
		03F70C722731F34300476AC4 /* VideoConversionPicker.swift in Sources */ = {isa = PBXBuildFile; fileRef = 03F70C712731F34300476AC4 /* VideoConversionPicker.swift */; };
		03F70C732731F34300476AC4 /* VideoConversionPicker.swift in Sources */ = {isa = PBXBuildFile; fileRef = 03F70C712731F34300476AC4 /* VideoConversionPicker.swift */; };
		03F70C7527325E2400476AC4 /* VideoProbeScript.swift in Sources */ = {isa = PBXBuildFile; fileRef = 03F70C7427325E2400476AC4 /* VideoProbeScript.swift */; };
		03F70C7627325E2400476AC4 /* VideoProbeScript.swift in Sources */ = {isa = PBXBuildFile; fileRef = 03F70C7427325E2400476AC4 /* VideoProbeScript.swift */; };
		03F70C7927330FCF00476AC4 /* Script.swift in Sources */ = {isa = PBXBuildFile; fileRef = 03F70C7827330FCF00476AC4 /* Script.swift */; };
		03F70C7A27330FCF00476AC4 /* Script.swift in Sources */ = {isa = PBXBuildFile; fileRef = 03F70C7827330FCF00476AC4 /* Script.swift */; };
		03F70C7C273336ED00476AC4 /* Dinokids.ttf in Resources */ = {isa = PBXBuildFile; fileRef = 03F70C7B273336ED00476AC4 /* Dinokids.ttf */; };
		03F70C7D273336ED00476AC4 /* Dinokids.ttf in Resources */ = {isa = PBXBuildFile; fileRef = 03F70C7B273336ED00476AC4 /* Dinokids.ttf */; };
		03F70C812733378A00476AC4 /* FilesUI in Frameworks */ = {isa = PBXBuildFile; productRef = 03F70C802733378A00476AC4 /* FilesUI */; };
		75BBCCDEFE310961578DBA7D /* Pods_Oatmeal__iOS_.framework in Frameworks */ = {isa = PBXBuildFile; fileRef = CB5B932E1F61D5B85A2B0707 /* Pods_Oatmeal__iOS_.framework */; };
		9139D513891B2AD5D714516A /* Pods_Oatmeal__macOS_.framework in Frameworks */ = {isa = PBXBuildFile; fileRef = EFCA62001C30887B10375E69 /* Pods_Oatmeal__macOS_.framework */; };
/* End PBXBuildFile section */

/* Begin PBXContainerItemProxy section */
		038AFF4B272F3A8000CE33C8 /* PBXContainerItemProxy */ = {
			isa = PBXContainerItemProxy;
			containerPortal = 038AFF31272F3A7D00CE33C8 /* Project object */;
			proxyType = 1;
			remoteGlobalIDString = 038AFF3C272F3A8000CE33C8;
			remoteInfo = "Oatmeal (iOS)";
		};
		038AFF57272F3A8000CE33C8 /* PBXContainerItemProxy */ = {
			isa = PBXContainerItemProxy;
			containerPortal = 038AFF31272F3A7D00CE33C8 /* Project object */;
			proxyType = 1;
			remoteGlobalIDString = 038AFF42272F3A8000CE33C8;
			remoteInfo = "Oatmeal (macOS)";
		};
/* End PBXContainerItemProxy section */

/* Begin PBXFileReference section */
		0341206A273468A400BDE4E4 /* FileManager+AppDirectory.swift */ = {isa = PBXFileReference; lastKnownFileType = sourcecode.swift; path = "FileManager+AppDirectory.swift"; sourceTree = "<group>"; };
		038AFF36272F3A7E00CE33C8 /* OatmealApp.swift */ = {isa = PBXFileReference; lastKnownFileType = sourcecode.swift; path = OatmealApp.swift; sourceTree = "<group>"; };
		038AFF37272F3A7E00CE33C8 /* ContentView.swift */ = {isa = PBXFileReference; lastKnownFileType = sourcecode.swift; path = ContentView.swift; sourceTree = "<group>"; };
		038AFF38272F3A8000CE33C8 /* Assets.xcassets */ = {isa = PBXFileReference; lastKnownFileType = folder.assetcatalog; path = Assets.xcassets; sourceTree = "<group>"; };
		038AFF3D272F3A8000CE33C8 /* Oatmeal.app */ = {isa = PBXFileReference; explicitFileType = wrapper.application; includeInIndex = 0; path = Oatmeal.app; sourceTree = BUILT_PRODUCTS_DIR; };
		038AFF43272F3A8000CE33C8 /* Oatmeal.app */ = {isa = PBXFileReference; explicitFileType = wrapper.application; includeInIndex = 0; path = Oatmeal.app; sourceTree = BUILT_PRODUCTS_DIR; };
		038AFF45272F3A8000CE33C8 /* macOS.entitlements */ = {isa = PBXFileReference; lastKnownFileType = text.plist.entitlements; path = macOS.entitlements; sourceTree = "<group>"; };
		038AFF4A272F3A8000CE33C8 /* Tests iOS.xctest */ = {isa = PBXFileReference; explicitFileType = wrapper.cfbundle; includeInIndex = 0; path = "Tests iOS.xctest"; sourceTree = BUILT_PRODUCTS_DIR; };
		038AFF4E272F3A8000CE33C8 /* Tests_iOS.swift */ = {isa = PBXFileReference; lastKnownFileType = sourcecode.swift; path = Tests_iOS.swift; sourceTree = "<group>"; };
		038AFF50272F3A8000CE33C8 /* Tests_iOSLaunchTests.swift */ = {isa = PBXFileReference; lastKnownFileType = sourcecode.swift; path = Tests_iOSLaunchTests.swift; sourceTree = "<group>"; };
		038AFF56272F3A8000CE33C8 /* Tests macOS.xctest */ = {isa = PBXFileReference; explicitFileType = wrapper.cfbundle; includeInIndex = 0; path = "Tests macOS.xctest"; sourceTree = BUILT_PRODUCTS_DIR; };
		038AFF5A272F3A8000CE33C8 /* Tests_macOS.swift */ = {isa = PBXFileReference; lastKnownFileType = sourcecode.swift; path = Tests_macOS.swift; sourceTree = "<group>"; };
		038AFF5C272F3A8000CE33C8 /* Tests_macOSLaunchTests.swift */ = {isa = PBXFileReference; lastKnownFileType = sourcecode.swift; path = Tests_macOSLaunchTests.swift; sourceTree = "<group>"; };
		038AFF75272F408C00CE33C8 /* VideoConverter.swift */ = {isa = PBXFileReference; fileEncoding = 4; lastKnownFileType = sourcecode.swift; path = VideoConverter.swift; sourceTree = "<group>"; };
		038AFF78272F40A500CE33C8 /* VideoConverterView.swift */ = {isa = PBXFileReference; fileEncoding = 4; lastKnownFileType = sourcecode.swift; path = VideoConverterView.swift; sourceTree = "<group>"; };
		038AFF7E272F43EE00CE33C8 /* VideoConverterError.swift */ = {isa = PBXFileReference; lastKnownFileType = sourcecode.swift; path = VideoConverterError.swift; sourceTree = "<group>"; };
		038AFF81272F440200CE33C8 /* VideoCodec.swift */ = {isa = PBXFileReference; lastKnownFileType = sourcecode.swift; path = VideoCodec.swift; sourceTree = "<group>"; };
		038AFF84272F441200CE33C8 /* VideoExtension.swift */ = {isa = PBXFileReference; lastKnownFileType = sourcecode.swift; path = VideoExtension.swift; sourceTree = "<group>"; };
		038AFF87272F501D00CE33C8 /* VideoConversionSession.swift */ = {isa = PBXFileReference; lastKnownFileType = sourcecode.swift; path = VideoConversionSession.swift; sourceTree = "<group>"; };
		038AFF8A272F505700CE33C8 /* VideoConversionScript.swift */ = {isa = PBXFileReference; lastKnownFileType = sourcecode.swift; path = VideoConversionScript.swift; sourceTree = "<group>"; };
		038AFF8D272F506B00CE33C8 /* VideoRenderScript.swift */ = {isa = PBXFileReference; lastKnownFileType = sourcecode.swift; path = VideoRenderScript.swift; sourceTree = "<group>"; };
		038AFF90272F5DA400CE33C8 /* VideoProbe.swift */ = {isa = PBXFileReference; lastKnownFileType = sourcecode.swift; path = VideoProbe.swift; sourceTree = "<group>"; };
		03C44F2527334094000E19D8 /* VideoConversionSessionView.swift */ = {isa = PBXFileReference; lastKnownFileType = sourcecode.swift; path = VideoConversionSessionView.swift; sourceTree = "<group>"; };
		03F70C712731F34300476AC4 /* VideoConversionPicker.swift */ = {isa = PBXFileReference; lastKnownFileType = sourcecode.swift; path = VideoConversionPicker.swift; sourceTree = "<group>"; };
		03F70C7427325E2400476AC4 /* VideoProbeScript.swift */ = {isa = PBXFileReference; lastKnownFileType = sourcecode.swift; path = VideoProbeScript.swift; sourceTree = "<group>"; };
		03F70C7827330FCF00476AC4 /* Script.swift */ = {isa = PBXFileReference; lastKnownFileType = sourcecode.swift; path = Script.swift; sourceTree = "<group>"; };
		03F70C7B273336ED00476AC4 /* Dinokids.ttf */ = {isa = PBXFileReference; lastKnownFileType = file; path = Dinokids.ttf; sourceTree = "<group>"; };
		03F70C7E2733372A00476AC4 /* OatmealiOSInfo.plist */ = {isa = PBXFileReference; lastKnownFileType = text.plist.xml; path = OatmealiOSInfo.plist; sourceTree = "<group>"; };
		03F70C7F2733374D00476AC4 /* OatmealmacOSInfo.plist */ = {isa = PBXFileReference; lastKnownFileType = text.plist.xml; path = OatmealmacOSInfo.plist; sourceTree = "<group>"; };
		04E72389D8835E00CD42578D /* Pods-Oatmeal (macOS).debug.xcconfig */ = {isa = PBXFileReference; includeInIndex = 1; lastKnownFileType = text.xcconfig; name = "Pods-Oatmeal (macOS).debug.xcconfig"; path = "Target Support Files/Pods-Oatmeal (macOS)/Pods-Oatmeal (macOS).debug.xcconfig"; sourceTree = "<group>"; };
		7A1D7CFCEFF162644E42F001 /* Pods-Oatmeal (iOS).release.xcconfig */ = {isa = PBXFileReference; includeInIndex = 1; lastKnownFileType = text.xcconfig; name = "Pods-Oatmeal (iOS).release.xcconfig"; path = "Target Support Files/Pods-Oatmeal (iOS)/Pods-Oatmeal (iOS).release.xcconfig"; sourceTree = "<group>"; };
		B9EED66CE42E51A9C019FB23 /* Pods-Oatmeal (macOS).release.xcconfig */ = {isa = PBXFileReference; includeInIndex = 1; lastKnownFileType = text.xcconfig; name = "Pods-Oatmeal (macOS).release.xcconfig"; path = "Target Support Files/Pods-Oatmeal (macOS)/Pods-Oatmeal (macOS).release.xcconfig"; sourceTree = "<group>"; };
		CB5B932E1F61D5B85A2B0707 /* Pods_Oatmeal__iOS_.framework */ = {isa = PBXFileReference; explicitFileType = wrapper.framework; includeInIndex = 0; path = Pods_Oatmeal__iOS_.framework; sourceTree = BUILT_PRODUCTS_DIR; };
		D401671513B9F2B1D52D4CD9 /* Pods-Oatmeal (iOS).debug.xcconfig */ = {isa = PBXFileReference; includeInIndex = 1; lastKnownFileType = text.xcconfig; name = "Pods-Oatmeal (iOS).debug.xcconfig"; path = "Target Support Files/Pods-Oatmeal (iOS)/Pods-Oatmeal (iOS).debug.xcconfig"; sourceTree = "<group>"; };
		EFCA62001C30887B10375E69 /* Pods_Oatmeal__macOS_.framework */ = {isa = PBXFileReference; explicitFileType = wrapper.framework; includeInIndex = 0; path = Pods_Oatmeal__macOS_.framework; sourceTree = BUILT_PRODUCTS_DIR; };
/* End PBXFileReference section */

/* Begin PBXFrameworksBuildPhase section */
		038AFF3A272F3A8000CE33C8 /* Frameworks */ = {
			isa = PBXFrameworksBuildPhase;
			buildActionMask = 2147483647;
			files = (
				03F70C702731EC7200476AC4 /* FilesUI in Frameworks */,
				032FA4802734B2DC00EDA764 /* ShareSheet in Frameworks */,
				75BBCCDEFE310961578DBA7D /* Pods_Oatmeal__iOS_.framework in Frameworks */,
			);
			runOnlyForDeploymentPostprocessing = 0;
		};
		038AFF40272F3A8000CE33C8 /* Frameworks */ = {
			isa = PBXFrameworksBuildPhase;
			buildActionMask = 2147483647;
			files = (
				03F70C812733378A00476AC4 /* FilesUI in Frameworks */,
				9139D513891B2AD5D714516A /* Pods_Oatmeal__macOS_.framework in Frameworks */,
			);
			runOnlyForDeploymentPostprocessing = 0;
		};
		038AFF47272F3A8000CE33C8 /* Frameworks */ = {
			isa = PBXFrameworksBuildPhase;
			buildActionMask = 2147483647;
			files = (
			);
			runOnlyForDeploymentPostprocessing = 0;
		};
		038AFF53272F3A8000CE33C8 /* Frameworks */ = {
			isa = PBXFrameworksBuildPhase;
			buildActionMask = 2147483647;
			files = (
			);
			runOnlyForDeploymentPostprocessing = 0;
		};
/* End PBXFrameworksBuildPhase section */

/* Begin PBXGroup section */
		03412067273374A400BDE4E4 /* iOS */ = {
			isa = PBXGroup;
			children = (
				03F70C7E2733372A00476AC4 /* OatmealiOSInfo.plist */,
			);
			path = iOS;
			sourceTree = "<group>";
		};
		0341206D27349E3C00BDE4E4 /* Extensions */ = {
			isa = PBXGroup;
			children = (
				0341206A273468A400BDE4E4 /* FileManager+AppDirectory.swift */,
			);
			path = Extensions;
			sourceTree = "<group>";
		};
		038AFF30272F3A7D00CE33C8 = {
			isa = PBXGroup;
			children = (
				038AFF35272F3A7D00CE33C8 /* Shared */,
				03412067273374A400BDE4E4 /* iOS */,
				038AFF44272F3A8000CE33C8 /* macOS */,
				038AFF4D272F3A8000CE33C8 /* Tests iOS */,
				038AFF59272F3A8000CE33C8 /* Tests macOS */,
				038AFF3E272F3A8000CE33C8 /* Products */,
				7351443B4342137B759433DC /* Pods */,
				670EBDB60D4419D59A08F517 /* Frameworks */,
			);
			sourceTree = "<group>";
		};
		038AFF35272F3A7D00CE33C8 /* Shared */ = {
			isa = PBXGroup;
			children = (
				038AFF36272F3A7E00CE33C8 /* OatmealApp.swift */,
				038AFF37272F3A7E00CE33C8 /* ContentView.swift */,
				03C44F29273340B2000E19D8 /* VideoConverterView */,
				03C44F28273340A6000E19D8 /* FFmpeg */,
				03F70C7B273336ED00476AC4 /* Dinokids.ttf */,
				038AFF38272F3A8000CE33C8 /* Assets.xcassets */,
			);
			path = Shared;
			sourceTree = "<group>";
		};
		038AFF3E272F3A8000CE33C8 /* Products */ = {
			isa = PBXGroup;
			children = (
				038AFF3D272F3A8000CE33C8 /* Oatmeal.app */,
				038AFF43272F3A8000CE33C8 /* Oatmeal.app */,
				038AFF4A272F3A8000CE33C8 /* Tests iOS.xctest */,
				038AFF56272F3A8000CE33C8 /* Tests macOS.xctest */,
			);
			name = Products;
			sourceTree = "<group>";
		};
		038AFF44272F3A8000CE33C8 /* macOS */ = {
			isa = PBXGroup;
			children = (
				03F70C7F2733374D00476AC4 /* OatmealmacOSInfo.plist */,
				038AFF45272F3A8000CE33C8 /* macOS.entitlements */,
			);
			path = macOS;
			sourceTree = "<group>";
		};
		038AFF4D272F3A8000CE33C8 /* Tests iOS */ = {
			isa = PBXGroup;
			children = (
				038AFF4E272F3A8000CE33C8 /* Tests_iOS.swift */,
				038AFF50272F3A8000CE33C8 /* Tests_iOSLaunchTests.swift */,
			);
			path = "Tests iOS";
			sourceTree = "<group>";
		};
		038AFF59272F3A8000CE33C8 /* Tests macOS */ = {
			isa = PBXGroup;
			children = (
				038AFF5A272F3A8000CE33C8 /* Tests_macOS.swift */,
				038AFF5C272F3A8000CE33C8 /* Tests_macOSLaunchTests.swift */,
			);
			path = "Tests macOS";
			sourceTree = "<group>";
		};
		03C44F28273340A6000E19D8 /* FFmpeg */ = {
			isa = PBXGroup;
			children = (
				038AFF87272F501D00CE33C8 /* VideoConversionSession.swift */,
				038AFF90272F5DA400CE33C8 /* VideoProbe.swift */,
				038AFF75272F408C00CE33C8 /* VideoConverter.swift */,
				0341206D27349E3C00BDE4E4 /* Extensions */,
				03F70C7727325E5000476AC4 /* Scripts */,
				03C44F2A273340CB000E19D8 /* Model */,
			);
			path = FFmpeg;
			sourceTree = "<group>";
		};
		03C44F29273340B2000E19D8 /* VideoConverterView */ = {
			isa = PBXGroup;
			children = (
				03F70C712731F34300476AC4 /* VideoConversionPicker.swift */,
				03C44F2527334094000E19D8 /* VideoConversionSessionView.swift */,
				038AFF78272F40A500CE33C8 /* VideoConverterView.swift */,
			);
			path = VideoConverterView;
			sourceTree = "<group>";
		};
		03C44F2A273340CB000E19D8 /* Model */ = {
			isa = PBXGroup;
			children = (
				038AFF7E272F43EE00CE33C8 /* VideoConverterError.swift */,
				038AFF81272F440200CE33C8 /* VideoCodec.swift */,
				038AFF84272F441200CE33C8 /* VideoExtension.swift */,
			);
			path = Model;
			sourceTree = "<group>";
		};
		03F70C7727325E5000476AC4 /* Scripts */ = {
			isa = PBXGroup;
			children = (
				03F70C7827330FCF00476AC4 /* Script.swift */,
				03F70C7427325E2400476AC4 /* VideoProbeScript.swift */,
				038AFF8D272F506B00CE33C8 /* VideoRenderScript.swift */,
				038AFF8A272F505700CE33C8 /* VideoConversionScript.swift */,
			);
			path = Scripts;
			sourceTree = "<group>";
		};
		670EBDB60D4419D59A08F517 /* Frameworks */ = {
			isa = PBXGroup;
			children = (
				CB5B932E1F61D5B85A2B0707 /* Pods_Oatmeal__iOS_.framework */,
				EFCA62001C30887B10375E69 /* Pods_Oatmeal__macOS_.framework */,
			);
			name = Frameworks;
			sourceTree = "<group>";
		};
		7351443B4342137B759433DC /* Pods */ = {
			isa = PBXGroup;
			children = (
				D401671513B9F2B1D52D4CD9 /* Pods-Oatmeal (iOS).debug.xcconfig */,
				7A1D7CFCEFF162644E42F001 /* Pods-Oatmeal (iOS).release.xcconfig */,
				04E72389D8835E00CD42578D /* Pods-Oatmeal (macOS).debug.xcconfig */,
				B9EED66CE42E51A9C019FB23 /* Pods-Oatmeal (macOS).release.xcconfig */,
			);
			path = Pods;
			sourceTree = "<group>";
		};
/* End PBXGroup section */

/* Begin PBXNativeTarget section */
		038AFF3C272F3A8000CE33C8 /* Oatmeal (iOS) */ = {
			isa = PBXNativeTarget;
			buildConfigurationList = 038AFF66272F3A8000CE33C8 /* Build configuration list for PBXNativeTarget "Oatmeal (iOS)" */;
			buildPhases = (
				5CC3F863B99DA307BA60EF97 /* [CP] Check Pods Manifest.lock */,
				038AFF39272F3A8000CE33C8 /* Sources */,
				038AFF3A272F3A8000CE33C8 /* Frameworks */,
				038AFF3B272F3A8000CE33C8 /* Resources */,
			);
			buildRules = (
			);
			dependencies = (
			);
			name = "Oatmeal (iOS)";
			packageProductDependencies = (
				03F70C6F2731EC7200476AC4 /* FilesUI */,
				032FA47F2734B2DC00EDA764 /* ShareSheet */,
			);
			productName = "Oatmeal (iOS)";
			productReference = 038AFF3D272F3A8000CE33C8 /* Oatmeal.app */;
			productType = "com.apple.product-type.application";
		};
		038AFF42272F3A8000CE33C8 /* Oatmeal (macOS) */ = {
			isa = PBXNativeTarget;
			buildConfigurationList = 038AFF69272F3A8000CE33C8 /* Build configuration list for PBXNativeTarget "Oatmeal (macOS)" */;
			buildPhases = (
				3CF3A2383433A3728138E15D /* [CP] Check Pods Manifest.lock */,
				038AFF3F272F3A8000CE33C8 /* Sources */,
				038AFF40272F3A8000CE33C8 /* Frameworks */,
				038AFF41272F3A8000CE33C8 /* Resources */,
			);
			buildRules = (
			);
			dependencies = (
			);
			name = "Oatmeal (macOS)";
			packageProductDependencies = (
				03F70C802733378A00476AC4 /* FilesUI */,
			);
			productName = "Oatmeal (macOS)";
			productReference = 038AFF43272F3A8000CE33C8 /* Oatmeal.app */;
			productType = "com.apple.product-type.application";
		};
		038AFF49272F3A8000CE33C8 /* Tests iOS */ = {
			isa = PBXNativeTarget;
			buildConfigurationList = 038AFF6C272F3A8000CE33C8 /* Build configuration list for PBXNativeTarget "Tests iOS" */;
			buildPhases = (
				038AFF46272F3A8000CE33C8 /* Sources */,
				038AFF47272F3A8000CE33C8 /* Frameworks */,
				038AFF48272F3A8000CE33C8 /* Resources */,
			);
			buildRules = (
			);
			dependencies = (
				038AFF4C272F3A8000CE33C8 /* PBXTargetDependency */,
			);
			name = "Tests iOS";
			productName = "Tests iOS";
			productReference = 038AFF4A272F3A8000CE33C8 /* Tests iOS.xctest */;
			productType = "com.apple.product-type.bundle.ui-testing";
		};
		038AFF55272F3A8000CE33C8 /* Tests macOS */ = {
			isa = PBXNativeTarget;
			buildConfigurationList = 038AFF6F272F3A8000CE33C8 /* Build configuration list for PBXNativeTarget "Tests macOS" */;
			buildPhases = (
				038AFF52272F3A8000CE33C8 /* Sources */,
				038AFF53272F3A8000CE33C8 /* Frameworks */,
				038AFF54272F3A8000CE33C8 /* Resources */,
			);
			buildRules = (
			);
			dependencies = (
				038AFF58272F3A8000CE33C8 /* PBXTargetDependency */,
			);
			name = "Tests macOS";
			productName = "Tests macOS";
			productReference = 038AFF56272F3A8000CE33C8 /* Tests macOS.xctest */;
			productType = "com.apple.product-type.bundle.ui-testing";
		};
/* End PBXNativeTarget section */

/* Begin PBXProject section */
		038AFF31272F3A7D00CE33C8 /* Project object */ = {
			isa = PBXProject;
			attributes = {
				BuildIndependentTargetsInParallel = 1;
				LastSwiftUpdateCheck = 1310;
				LastUpgradeCheck = 1310;
				TargetAttributes = {
					038AFF3C272F3A8000CE33C8 = {
						CreatedOnToolsVersion = 13.1;
					};
					038AFF42272F3A8000CE33C8 = {
						CreatedOnToolsVersion = 13.1;
					};
					038AFF49272F3A8000CE33C8 = {
						CreatedOnToolsVersion = 13.1;
						TestTargetID = 038AFF3C272F3A8000CE33C8;
					};
					038AFF55272F3A8000CE33C8 = {
						CreatedOnToolsVersion = 13.1;
						TestTargetID = 038AFF42272F3A8000CE33C8;
					};
				};
			};
			buildConfigurationList = 038AFF34272F3A7D00CE33C8 /* Build configuration list for PBXProject "Oatmeal" */;
			compatibilityVersion = "Xcode 13.0";
			developmentRegion = en;
			hasScannedForEncodings = 0;
			knownRegions = (
				en,
				Base,
			);
			mainGroup = 038AFF30272F3A7D00CE33C8;
			packageReferences = (
				03F70C6E2731EC7200476AC4 /* XCRemoteSwiftPackageReference "FilesUI" */,
				032FA47E2734B2DC00EDA764 /* XCRemoteSwiftPackageReference "ShareSheet" */,
			);
			productRefGroup = 038AFF3E272F3A8000CE33C8 /* Products */;
			projectDirPath = "";
			projectRoot = "";
			targets = (
				038AFF3C272F3A8000CE33C8 /* Oatmeal (iOS) */,
				038AFF42272F3A8000CE33C8 /* Oatmeal (macOS) */,
				038AFF49272F3A8000CE33C8 /* Tests iOS */,
				038AFF55272F3A8000CE33C8 /* Tests macOS */,
			);
		};
/* End PBXProject section */

/* Begin PBXResourcesBuildPhase section */
		038AFF3B272F3A8000CE33C8 /* Resources */ = {
			isa = PBXResourcesBuildPhase;
			buildActionMask = 2147483647;
			files = (
				03F70C7C273336ED00476AC4 /* Dinokids.ttf in Resources */,
				038AFF62272F3A8000CE33C8 /* Assets.xcassets in Resources */,
			);
			runOnlyForDeploymentPostprocessing = 0;
		};
		038AFF41272F3A8000CE33C8 /* Resources */ = {
			isa = PBXResourcesBuildPhase;
			buildActionMask = 2147483647;
			files = (
				034120692733751600BDE4E4 /* OatmealiOSInfo.plist in Resources */,
				03F70C7D273336ED00476AC4 /* Dinokids.ttf in Resources */,
				038AFF63272F3A8000CE33C8 /* Assets.xcassets in Resources */,
			);
			runOnlyForDeploymentPostprocessing = 0;
		};
		038AFF48272F3A8000CE33C8 /* Resources */ = {
			isa = PBXResourcesBuildPhase;
			buildActionMask = 2147483647;
			files = (
			);
			runOnlyForDeploymentPostprocessing = 0;
		};
		038AFF54272F3A8000CE33C8 /* Resources */ = {
			isa = PBXResourcesBuildPhase;
			buildActionMask = 2147483647;
			files = (
			);
			runOnlyForDeploymentPostprocessing = 0;
		};
/* End PBXResourcesBuildPhase section */

/* Begin PBXShellScriptBuildPhase section */
		3CF3A2383433A3728138E15D /* [CP] Check Pods Manifest.lock */ = {
			isa = PBXShellScriptBuildPhase;
			buildActionMask = 2147483647;
			files = (
			);
			inputFileListPaths = (
			);
			inputPaths = (
				"${PODS_PODFILE_DIR_PATH}/Podfile.lock",
				"${PODS_ROOT}/Manifest.lock",
			);
			name = "[CP] Check Pods Manifest.lock";
			outputFileListPaths = (
			);
			outputPaths = (
				"$(DERIVED_FILE_DIR)/Pods-Oatmeal (macOS)-checkManifestLockResult.txt",
			);
			runOnlyForDeploymentPostprocessing = 0;
			shellPath = /bin/sh;
			shellScript = "diff \"${PODS_PODFILE_DIR_PATH}/Podfile.lock\" \"${PODS_ROOT}/Manifest.lock\" > /dev/null\nif [ $? != 0 ] ; then\n    # print error to STDERR\n    echo \"error: The sandbox is not in sync with the Podfile.lock. Run 'pod install' or update your CocoaPods installation.\" >&2\n    exit 1\nfi\n# This output is used by Xcode 'outputs' to avoid re-running this script phase.\necho \"SUCCESS\" > \"${SCRIPT_OUTPUT_FILE_0}\"\n";
			showEnvVarsInLog = 0;
		};
		5CC3F863B99DA307BA60EF97 /* [CP] Check Pods Manifest.lock */ = {
			isa = PBXShellScriptBuildPhase;
			buildActionMask = 2147483647;
			files = (
			);
			inputFileListPaths = (
			);
			inputPaths = (
				"${PODS_PODFILE_DIR_PATH}/Podfile.lock",
				"${PODS_ROOT}/Manifest.lock",
			);
			name = "[CP] Check Pods Manifest.lock";
			outputFileListPaths = (
			);
			outputPaths = (
				"$(DERIVED_FILE_DIR)/Pods-Oatmeal (iOS)-checkManifestLockResult.txt",
			);
			runOnlyForDeploymentPostprocessing = 0;
			shellPath = /bin/sh;
			shellScript = "diff \"${PODS_PODFILE_DIR_PATH}/Podfile.lock\" \"${PODS_ROOT}/Manifest.lock\" > /dev/null\nif [ $? != 0 ] ; then\n    # print error to STDERR\n    echo \"error: The sandbox is not in sync with the Podfile.lock. Run 'pod install' or update your CocoaPods installation.\" >&2\n    exit 1\nfi\n# This output is used by Xcode 'outputs' to avoid re-running this script phase.\necho \"SUCCESS\" > \"${SCRIPT_OUTPUT_FILE_0}\"\n";
			showEnvVarsInLog = 0;
		};
/* End PBXShellScriptBuildPhase section */

/* Begin PBXSourcesBuildPhase section */
		038AFF39272F3A8000CE33C8 /* Sources */ = {
			isa = PBXSourcesBuildPhase;
			buildActionMask = 2147483647;
			files = (
				038AFF60272F3A8000CE33C8 /* ContentView.swift in Sources */,
				03C44F2627334094000E19D8 /* VideoConversionSessionView.swift in Sources */,
				03F70C722731F34300476AC4 /* VideoConversionPicker.swift in Sources */,
				038AFF79272F40A500CE33C8 /* VideoConverterView.swift in Sources */,
				038AFF88272F501D00CE33C8 /* VideoConversionSession.swift in Sources */,
				038AFF76272F408D00CE33C8 /* VideoConverter.swift in Sources */,
				038AFF8E272F506B00CE33C8 /* VideoRenderScript.swift in Sources */,
				038AFF8B272F505700CE33C8 /* VideoConversionScript.swift in Sources */,
				038AFF85272F441200CE33C8 /* VideoExtension.swift in Sources */,
				03F70C7927330FCF00476AC4 /* Script.swift in Sources */,
				0341206B273468A400BDE4E4 /* FileManager+AppDirectory.swift in Sources */,
				038AFF5E272F3A8000CE33C8 /* OatmealApp.swift in Sources */,
				038AFF91272F5DA400CE33C8 /* VideoProbe.swift in Sources */,
				038AFF7F272F43EE00CE33C8 /* VideoConverterError.swift in Sources */,
				03F70C7527325E2400476AC4 /* VideoProbeScript.swift in Sources */,
				038AFF82272F440200CE33C8 /* VideoCodec.swift in Sources */,
			);
			runOnlyForDeploymentPostprocessing = 0;
		};
		038AFF3F272F3A8000CE33C8 /* Sources */ = {
			isa = PBXSourcesBuildPhase;
			buildActionMask = 2147483647;
			files = (
				038AFF61272F3A8000CE33C8 /* ContentView.swift in Sources */,
				03C44F2727334094000E19D8 /* VideoConversionSessionView.swift in Sources */,
				03F70C732731F34300476AC4 /* VideoConversionPicker.swift in Sources */,
				038AFF7A272F40A500CE33C8 /* VideoConverterView.swift in Sources */,
				038AFF89272F501D00CE33C8 /* VideoConversionSession.swift in Sources */,
				038AFF77272F408D00CE33C8 /* VideoConverter.swift in Sources */,
				038AFF8F272F506B00CE33C8 /* VideoRenderScript.swift in Sources */,
				038AFF8C272F505700CE33C8 /* VideoConversionScript.swift in Sources */,
				038AFF86272F441200CE33C8 /* VideoExtension.swift in Sources */,
				03F70C7A27330FCF00476AC4 /* Script.swift in Sources */,
				0341206C273468A400BDE4E4 /* FileManager+AppDirectory.swift in Sources */,
				038AFF5F272F3A8000CE33C8 /* OatmealApp.swift in Sources */,
				038AFF92272F5DA400CE33C8 /* VideoProbe.swift in Sources */,
				038AFF80272F43EE00CE33C8 /* VideoConverterError.swift in Sources */,
				03F70C7627325E2400476AC4 /* VideoProbeScript.swift in Sources */,
				038AFF83272F440200CE33C8 /* VideoCodec.swift in Sources */,
			);
			runOnlyForDeploymentPostprocessing = 0;
		};
		038AFF46272F3A8000CE33C8 /* Sources */ = {
			isa = PBXSourcesBuildPhase;
			buildActionMask = 2147483647;
			files = (
				038AFF51272F3A8000CE33C8 /* Tests_iOSLaunchTests.swift in Sources */,
				038AFF4F272F3A8000CE33C8 /* Tests_iOS.swift in Sources */,
			);
			runOnlyForDeploymentPostprocessing = 0;
		};
		038AFF52272F3A8000CE33C8 /* Sources */ = {
			isa = PBXSourcesBuildPhase;
			buildActionMask = 2147483647;
			files = (
				038AFF5D272F3A8000CE33C8 /* Tests_macOSLaunchTests.swift in Sources */,
				038AFF5B272F3A8000CE33C8 /* Tests_macOS.swift in Sources */,
			);
			runOnlyForDeploymentPostprocessing = 0;
		};
/* End PBXSourcesBuildPhase section */

/* Begin PBXTargetDependency section */
		038AFF4C272F3A8000CE33C8 /* PBXTargetDependency */ = {
			isa = PBXTargetDependency;
			target = 038AFF3C272F3A8000CE33C8 /* Oatmeal (iOS) */;
			targetProxy = 038AFF4B272F3A8000CE33C8 /* PBXContainerItemProxy */;
		};
		038AFF58272F3A8000CE33C8 /* PBXTargetDependency */ = {
			isa = PBXTargetDependency;
			target = 038AFF42272F3A8000CE33C8 /* Oatmeal (macOS) */;
			targetProxy = 038AFF57272F3A8000CE33C8 /* PBXContainerItemProxy */;
		};
/* End PBXTargetDependency section */

/* Begin XCBuildConfiguration section */
		038AFF64272F3A8000CE33C8 /* Debug */ = {
			isa = XCBuildConfiguration;
			buildSettings = {
				ALWAYS_SEARCH_USER_PATHS = NO;
				CLANG_ANALYZER_NONNULL = YES;
				CLANG_ANALYZER_NUMBER_OBJECT_CONVERSION = YES_AGGRESSIVE;
				CLANG_CXX_LANGUAGE_STANDARD = "gnu++17";
				CLANG_CXX_LIBRARY = "libc++";
				CLANG_ENABLE_MODULES = YES;
				CLANG_ENABLE_OBJC_ARC = YES;
				CLANG_ENABLE_OBJC_WEAK = YES;
				CLANG_WARN_BLOCK_CAPTURE_AUTORELEASING = YES;
				CLANG_WARN_BOOL_CONVERSION = YES;
				CLANG_WARN_COMMA = YES;
				CLANG_WARN_CONSTANT_CONVERSION = YES;
				CLANG_WARN_DEPRECATED_OBJC_IMPLEMENTATIONS = YES;
				CLANG_WARN_DIRECT_OBJC_ISA_USAGE = YES_ERROR;
				CLANG_WARN_DOCUMENTATION_COMMENTS = YES;
				CLANG_WARN_EMPTY_BODY = YES;
				CLANG_WARN_ENUM_CONVERSION = YES;
				CLANG_WARN_INFINITE_RECURSION = YES;
				CLANG_WARN_INT_CONVERSION = YES;
				CLANG_WARN_NON_LITERAL_NULL_CONVERSION = YES;
				CLANG_WARN_OBJC_IMPLICIT_RETAIN_SELF = YES;
				CLANG_WARN_OBJC_LITERAL_CONVERSION = YES;
				CLANG_WARN_OBJC_ROOT_CLASS = YES_ERROR;
				CLANG_WARN_QUOTED_INCLUDE_IN_FRAMEWORK_HEADER = YES;
				CLANG_WARN_RANGE_LOOP_ANALYSIS = YES;
				CLANG_WARN_STRICT_PROTOTYPES = YES;
				CLANG_WARN_SUSPICIOUS_MOVE = YES;
				CLANG_WARN_UNGUARDED_AVAILABILITY = YES_AGGRESSIVE;
				CLANG_WARN_UNREACHABLE_CODE = YES;
				CLANG_WARN__DUPLICATE_METHOD_MATCH = YES;
				COPY_PHASE_STRIP = NO;
				DEBUG_INFORMATION_FORMAT = dwarf;
				ENABLE_STRICT_OBJC_MSGSEND = YES;
				ENABLE_TESTABILITY = YES;
				GCC_C_LANGUAGE_STANDARD = gnu11;
				GCC_DYNAMIC_NO_PIC = NO;
				GCC_NO_COMMON_BLOCKS = YES;
				GCC_OPTIMIZATION_LEVEL = 0;
				GCC_PREPROCESSOR_DEFINITIONS = (
					"DEBUG=1",
					"$(inherited)",
				);
				GCC_WARN_64_TO_32_BIT_CONVERSION = YES;
				GCC_WARN_ABOUT_RETURN_TYPE = YES_ERROR;
				GCC_WARN_UNDECLARED_SELECTOR = YES;
				GCC_WARN_UNINITIALIZED_AUTOS = YES_AGGRESSIVE;
				GCC_WARN_UNUSED_FUNCTION = YES;
				GCC_WARN_UNUSED_VARIABLE = YES;
				MTL_ENABLE_DEBUG_INFO = INCLUDE_SOURCE;
				MTL_FAST_MATH = YES;
				ONLY_ACTIVE_ARCH = YES;
				SWIFT_ACTIVE_COMPILATION_CONDITIONS = DEBUG;
				SWIFT_OPTIMIZATION_LEVEL = "-Onone";
			};
			name = Debug;
		};
		038AFF65272F3A8000CE33C8 /* Release */ = {
			isa = XCBuildConfiguration;
			buildSettings = {
				ALWAYS_SEARCH_USER_PATHS = NO;
				CLANG_ANALYZER_NONNULL = YES;
				CLANG_ANALYZER_NUMBER_OBJECT_CONVERSION = YES_AGGRESSIVE;
				CLANG_CXX_LANGUAGE_STANDARD = "gnu++17";
				CLANG_CXX_LIBRARY = "libc++";
				CLANG_ENABLE_MODULES = YES;
				CLANG_ENABLE_OBJC_ARC = YES;
				CLANG_ENABLE_OBJC_WEAK = YES;
				CLANG_WARN_BLOCK_CAPTURE_AUTORELEASING = YES;
				CLANG_WARN_BOOL_CONVERSION = YES;
				CLANG_WARN_COMMA = YES;
				CLANG_WARN_CONSTANT_CONVERSION = YES;
				CLANG_WARN_DEPRECATED_OBJC_IMPLEMENTATIONS = YES;
				CLANG_WARN_DIRECT_OBJC_ISA_USAGE = YES_ERROR;
				CLANG_WARN_DOCUMENTATION_COMMENTS = YES;
				CLANG_WARN_EMPTY_BODY = YES;
				CLANG_WARN_ENUM_CONVERSION = YES;
				CLANG_WARN_INFINITE_RECURSION = YES;
				CLANG_WARN_INT_CONVERSION = YES;
				CLANG_WARN_NON_LITERAL_NULL_CONVERSION = YES;
				CLANG_WARN_OBJC_IMPLICIT_RETAIN_SELF = YES;
				CLANG_WARN_OBJC_LITERAL_CONVERSION = YES;
				CLANG_WARN_OBJC_ROOT_CLASS = YES_ERROR;
				CLANG_WARN_QUOTED_INCLUDE_IN_FRAMEWORK_HEADER = YES;
				CLANG_WARN_RANGE_LOOP_ANALYSIS = YES;
				CLANG_WARN_STRICT_PROTOTYPES = YES;
				CLANG_WARN_SUSPICIOUS_MOVE = YES;
				CLANG_WARN_UNGUARDED_AVAILABILITY = YES_AGGRESSIVE;
				CLANG_WARN_UNREACHABLE_CODE = YES;
				CLANG_WARN__DUPLICATE_METHOD_MATCH = YES;
				COPY_PHASE_STRIP = NO;
				DEBUG_INFORMATION_FORMAT = "dwarf-with-dsym";
				ENABLE_NS_ASSERTIONS = NO;
				ENABLE_STRICT_OBJC_MSGSEND = YES;
				GCC_C_LANGUAGE_STANDARD = gnu11;
				GCC_NO_COMMON_BLOCKS = YES;
				GCC_WARN_64_TO_32_BIT_CONVERSION = YES;
				GCC_WARN_ABOUT_RETURN_TYPE = YES_ERROR;
				GCC_WARN_UNDECLARED_SELECTOR = YES;
				GCC_WARN_UNINITIALIZED_AUTOS = YES_AGGRESSIVE;
				GCC_WARN_UNUSED_FUNCTION = YES;
				GCC_WARN_UNUSED_VARIABLE = YES;
				MTL_ENABLE_DEBUG_INFO = NO;
				MTL_FAST_MATH = YES;
				SWIFT_COMPILATION_MODE = wholemodule;
				SWIFT_OPTIMIZATION_LEVEL = "-O";
			};
			name = Release;
		};
		038AFF67272F3A8000CE33C8 /* Debug */ = {
			isa = XCBuildConfiguration;
			baseConfigurationReference = D401671513B9F2B1D52D4CD9 /* Pods-Oatmeal (iOS).debug.xcconfig */;
			buildSettings = {
				ASSETCATALOG_COMPILER_APPICON_NAME = AppIcon;
				ASSETCATALOG_COMPILER_GLOBAL_ACCENT_COLOR_NAME = AccentColor;
				CODE_SIGN_STYLE = Automatic;
				CURRENT_PROJECT_VERSION = 1;
				DEVELOPMENT_TEAM = LU6454UVH5;
				ENABLE_PREVIEWS = YES;
				GENERATE_INFOPLIST_FILE = YES;
				INFOPLIST_FILE = iOS/OatmealiOSInfo.plist;
				INFOPLIST_KEY_UIApplicationSceneManifest_Generation = YES;
				INFOPLIST_KEY_UIApplicationSupportsIndirectInputEvents = YES;
				INFOPLIST_KEY_UILaunchScreen_Generation = YES;
				INFOPLIST_KEY_UISupportedInterfaceOrientations = "UIInterfaceOrientationPortraitUpsideDown UIInterfaceOrientationPortrait";
				INFOPLIST_KEY_UISupportedInterfaceOrientations_iPad = "UIInterfaceOrientationPortrait UIInterfaceOrientationPortraitUpsideDown UIInterfaceOrientationLandscapeLeft UIInterfaceOrientationLandscapeRight";
				INFOPLIST_KEY_UISupportedInterfaceOrientations_iPhone = "UIInterfaceOrientationPortrait UIInterfaceOrientationLandscapeLeft UIInterfaceOrientationLandscapeRight";
				IPHONEOS_DEPLOYMENT_TARGET = 15.0;
				LD_RUNPATH_SEARCH_PATHS = (
					"$(inherited)",
					"@executable_path/Frameworks",
				);
				MARKETING_VERSION = 1.0;
				PRODUCT_BUNDLE_IDENTIFIER = com.briannadoubt.oatmeal;
				PRODUCT_NAME = Oatmeal;
				SDKROOT = iphoneos;
				SWIFT_EMIT_LOC_STRINGS = YES;
				SWIFT_VERSION = 5.0;
				TARGETED_DEVICE_FAMILY = "1,2";
			};
			name = Debug;
		};
		038AFF68272F3A8000CE33C8 /* Release */ = {
			isa = XCBuildConfiguration;
			baseConfigurationReference = 7A1D7CFCEFF162644E42F001 /* Pods-Oatmeal (iOS).release.xcconfig */;
			buildSettings = {
				ASSETCATALOG_COMPILER_APPICON_NAME = AppIcon;
				ASSETCATALOG_COMPILER_GLOBAL_ACCENT_COLOR_NAME = AccentColor;
				CODE_SIGN_STYLE = Automatic;
				CURRENT_PROJECT_VERSION = 1;
				DEVELOPMENT_TEAM = LU6454UVH5;
				ENABLE_PREVIEWS = YES;
				GENERATE_INFOPLIST_FILE = YES;
				INFOPLIST_FILE = iOS/OatmealiOSInfo.plist;
				INFOPLIST_KEY_UIApplicationSceneManifest_Generation = YES;
				INFOPLIST_KEY_UIApplicationSupportsIndirectInputEvents = YES;
				INFOPLIST_KEY_UILaunchScreen_Generation = YES;
				INFOPLIST_KEY_UISupportedInterfaceOrientations = "UIInterfaceOrientationPortraitUpsideDown UIInterfaceOrientationPortrait";
				INFOPLIST_KEY_UISupportedInterfaceOrientations_iPad = "UIInterfaceOrientationPortrait UIInterfaceOrientationPortraitUpsideDown UIInterfaceOrientationLandscapeLeft UIInterfaceOrientationLandscapeRight";
				INFOPLIST_KEY_UISupportedInterfaceOrientations_iPhone = "UIInterfaceOrientationPortrait UIInterfaceOrientationLandscapeLeft UIInterfaceOrientationLandscapeRight";
				IPHONEOS_DEPLOYMENT_TARGET = 15.0;
				LD_RUNPATH_SEARCH_PATHS = (
					"$(inherited)",
					"@executable_path/Frameworks",
				);
				MARKETING_VERSION = 1.0;
				PRODUCT_BUNDLE_IDENTIFIER = com.briannadoubt.oatmeal;
				PRODUCT_NAME = Oatmeal;
				SDKROOT = iphoneos;
				SWIFT_EMIT_LOC_STRINGS = YES;
				SWIFT_VERSION = 5.0;
				TARGETED_DEVICE_FAMILY = "1,2";
				VALIDATE_PRODUCT = YES;
			};
			name = Release;
		};
		038AFF6A272F3A8000CE33C8 /* Debug */ = {
			isa = XCBuildConfiguration;
			baseConfigurationReference = 04E72389D8835E00CD42578D /* Pods-Oatmeal (macOS).debug.xcconfig */;
			buildSettings = {
				ASSETCATALOG_COMPILER_APPICON_NAME = AppIcon;
				ASSETCATALOG_COMPILER_GLOBAL_ACCENT_COLOR_NAME = AccentColor;
				CODE_SIGN_ENTITLEMENTS = macOS/macOS.entitlements;
				CODE_SIGN_IDENTITY = "-";
				CODE_SIGN_STYLE = Automatic;
				COMBINE_HIDPI_IMAGES = YES;
				CURRENT_PROJECT_VERSION = 1;
				DEVELOPMENT_TEAM = LU6454UVH5;
				ENABLE_HARDENED_RUNTIME = YES;
				ENABLE_PREVIEWS = YES;
				GENERATE_INFOPLIST_FILE = YES;
				INFOPLIST_FILE = macOS/OatmealmacOSInfo.plist;
				INFOPLIST_KEY_LSApplicationCategoryType = "public.app-category.utilities";
				INFOPLIST_KEY_NSHumanReadableCopyright = "";
				LD_RUNPATH_SEARCH_PATHS = (
					"$(inherited)",
					"@executable_path/../Frameworks",
				);
				MACOSX_DEPLOYMENT_TARGET = 12.0;
				MARKETING_VERSION = 1.0;
				PRODUCT_BUNDLE_IDENTIFIER = com.briannadoubt.oatmeal;
				PRODUCT_NAME = Oatmeal;
				SDKROOT = macosx;
				SWIFT_EMIT_LOC_STRINGS = YES;
				SWIFT_VERSION = 5.0;
			};
			name = Debug;
		};
		038AFF6B272F3A8000CE33C8 /* Release */ = {
			isa = XCBuildConfiguration;
			baseConfigurationReference = B9EED66CE42E51A9C019FB23 /* Pods-Oatmeal (macOS).release.xcconfig */;
			buildSettings = {
				ASSETCATALOG_COMPILER_APPICON_NAME = AppIcon;
				ASSETCATALOG_COMPILER_GLOBAL_ACCENT_COLOR_NAME = AccentColor;
				CODE_SIGN_ENTITLEMENTS = macOS/macOS.entitlements;
				CODE_SIGN_IDENTITY = "-";
				CODE_SIGN_STYLE = Automatic;
				COMBINE_HIDPI_IMAGES = YES;
				CURRENT_PROJECT_VERSION = 1;
				DEVELOPMENT_TEAM = LU6454UVH5;
				ENABLE_HARDENED_RUNTIME = YES;
				ENABLE_PREVIEWS = YES;
				GENERATE_INFOPLIST_FILE = YES;
				INFOPLIST_FILE = macOS/OatmealmacOSInfo.plist;
				INFOPLIST_KEY_LSApplicationCategoryType = "public.app-category.utilities";
				INFOPLIST_KEY_NSHumanReadableCopyright = "";
				LD_RUNPATH_SEARCH_PATHS = (
					"$(inherited)",
					"@executable_path/../Frameworks",
				);
				MACOSX_DEPLOYMENT_TARGET = 12.0;
				MARKETING_VERSION = 1.0;
				PRODUCT_BUNDLE_IDENTIFIER = com.briannadoubt.oatmeal;
				PRODUCT_NAME = Oatmeal;
				SDKROOT = macosx;
				SWIFT_EMIT_LOC_STRINGS = YES;
				SWIFT_VERSION = 5.0;
			};
			name = Release;
		};
		038AFF6D272F3A8000CE33C8 /* Debug */ = {
			isa = XCBuildConfiguration;
			buildSettings = {
				ALWAYS_EMBED_SWIFT_STANDARD_LIBRARIES = YES;
				CODE_SIGN_STYLE = Automatic;
				CURRENT_PROJECT_VERSION = 1;
				DEVELOPMENT_TEAM = LU6454UVH5;
				GENERATE_INFOPLIST_FILE = YES;
				IPHONEOS_DEPLOYMENT_TARGET = 15.0;
				LD_RUNPATH_SEARCH_PATHS = (
					"$(inherited)",
					"@executable_path/Frameworks",
					"@loader_path/Frameworks",
				);
				MARKETING_VERSION = 1.0;
				PRODUCT_BUNDLE_IDENTIFIER = "com.briannadoubt.Tests-iOS";
				PRODUCT_NAME = "$(TARGET_NAME)";
				SDKROOT = iphoneos;
				SWIFT_EMIT_LOC_STRINGS = NO;
				SWIFT_VERSION = 5.0;
				TARGETED_DEVICE_FAMILY = "1,2";
				TEST_TARGET_NAME = "Oatmeal (iOS)";
			};
			name = Debug;
		};
		038AFF6E272F3A8000CE33C8 /* Release */ = {
			isa = XCBuildConfiguration;
			buildSettings = {
				ALWAYS_EMBED_SWIFT_STANDARD_LIBRARIES = YES;
				CODE_SIGN_STYLE = Automatic;
				CURRENT_PROJECT_VERSION = 1;
				DEVELOPMENT_TEAM = LU6454UVH5;
				GENERATE_INFOPLIST_FILE = YES;
				IPHONEOS_DEPLOYMENT_TARGET = 15.0;
				LD_RUNPATH_SEARCH_PATHS = (
					"$(inherited)",
					"@executable_path/Frameworks",
					"@loader_path/Frameworks",
				);
				MARKETING_VERSION = 1.0;
				PRODUCT_BUNDLE_IDENTIFIER = "com.briannadoubt.Tests-iOS";
				PRODUCT_NAME = "$(TARGET_NAME)";
				SDKROOT = iphoneos;
				SWIFT_EMIT_LOC_STRINGS = NO;
				SWIFT_VERSION = 5.0;
				TARGETED_DEVICE_FAMILY = "1,2";
				TEST_TARGET_NAME = "Oatmeal (iOS)";
				VALIDATE_PRODUCT = YES;
			};
			name = Release;
		};
		038AFF70272F3A8000CE33C8 /* Debug */ = {
			isa = XCBuildConfiguration;
			buildSettings = {
				ALWAYS_EMBED_SWIFT_STANDARD_LIBRARIES = YES;
				CODE_SIGN_STYLE = Automatic;
				COMBINE_HIDPI_IMAGES = YES;
				CURRENT_PROJECT_VERSION = 1;
				DEVELOPMENT_TEAM = LU6454UVH5;
				GENERATE_INFOPLIST_FILE = YES;
				LD_RUNPATH_SEARCH_PATHS = (
					"$(inherited)",
					"@executable_path/../Frameworks",
					"@loader_path/../Frameworks",
				);
				MACOSX_DEPLOYMENT_TARGET = 12.0;
				MARKETING_VERSION = 1.0;
				PRODUCT_BUNDLE_IDENTIFIER = "com.briannadoubt.Tests-macOS";
				PRODUCT_NAME = "$(TARGET_NAME)";
				SDKROOT = macosx;
				SWIFT_EMIT_LOC_STRINGS = NO;
				SWIFT_VERSION = 5.0;
				TEST_TARGET_NAME = "Oatmeal (macOS)";
			};
			name = Debug;
		};
		038AFF71272F3A8000CE33C8 /* Release */ = {
			isa = XCBuildConfiguration;
			buildSettings = {
				ALWAYS_EMBED_SWIFT_STANDARD_LIBRARIES = YES;
				CODE_SIGN_STYLE = Automatic;
				COMBINE_HIDPI_IMAGES = YES;
				CURRENT_PROJECT_VERSION = 1;
				DEVELOPMENT_TEAM = LU6454UVH5;
				GENERATE_INFOPLIST_FILE = YES;
				LD_RUNPATH_SEARCH_PATHS = (
					"$(inherited)",
					"@executable_path/../Frameworks",
					"@loader_path/../Frameworks",
				);
				MACOSX_DEPLOYMENT_TARGET = 12.0;
				MARKETING_VERSION = 1.0;
				PRODUCT_BUNDLE_IDENTIFIER = "com.briannadoubt.Tests-macOS";
				PRODUCT_NAME = "$(TARGET_NAME)";
				SDKROOT = macosx;
				SWIFT_EMIT_LOC_STRINGS = NO;
				SWIFT_VERSION = 5.0;
				TEST_TARGET_NAME = "Oatmeal (macOS)";
			};
			name = Release;
		};
/* End XCBuildConfiguration section */

/* Begin XCConfigurationList section */
		038AFF34272F3A7D00CE33C8 /* Build configuration list for PBXProject "Oatmeal" */ = {
			isa = XCConfigurationList;
			buildConfigurations = (
				038AFF64272F3A8000CE33C8 /* Debug */,
				038AFF65272F3A8000CE33C8 /* Release */,
			);
			defaultConfigurationIsVisible = 0;
			defaultConfigurationName = Release;
		};
		038AFF66272F3A8000CE33C8 /* Build configuration list for PBXNativeTarget "Oatmeal (iOS)" */ = {
			isa = XCConfigurationList;
			buildConfigurations = (
				038AFF67272F3A8000CE33C8 /* Debug */,
				038AFF68272F3A8000CE33C8 /* Release */,
			);
			defaultConfigurationIsVisible = 0;
			defaultConfigurationName = Release;
		};
		038AFF69272F3A8000CE33C8 /* Build configuration list for PBXNativeTarget "Oatmeal (macOS)" */ = {
			isa = XCConfigurationList;
			buildConfigurations = (
				038AFF6A272F3A8000CE33C8 /* Debug */,
				038AFF6B272F3A8000CE33C8 /* Release */,
			);
			defaultConfigurationIsVisible = 0;
			defaultConfigurationName = Release;
		};
		038AFF6C272F3A8000CE33C8 /* Build configuration list for PBXNativeTarget "Tests iOS" */ = {
			isa = XCConfigurationList;
			buildConfigurations = (
				038AFF6D272F3A8000CE33C8 /* Debug */,
				038AFF6E272F3A8000CE33C8 /* Release */,
			);
			defaultConfigurationIsVisible = 0;
			defaultConfigurationName = Release;
		};
		038AFF6F272F3A8000CE33C8 /* Build configuration list for PBXNativeTarget "Tests macOS" */ = {
			isa = XCConfigurationList;
			buildConfigurations = (
				038AFF70272F3A8000CE33C8 /* Debug */,
				038AFF71272F3A8000CE33C8 /* Release */,
			);
			defaultConfigurationIsVisible = 0;
			defaultConfigurationName = Release;
		};
/* End XCConfigurationList section */

/* Begin XCRemoteSwiftPackageReference section */
		032FA47E2734B2DC00EDA764 /* XCRemoteSwiftPackageReference "ShareSheet" */ = {
			isa = XCRemoteSwiftPackageReference;
			repositoryURL = "https://github.com/briannadoubt/ShareSheet.git";
			requirement = {
				branch = main;
				kind = branch;
			};
		};
		03F70C6E2731EC7200476AC4 /* XCRemoteSwiftPackageReference "FilesUI" */ = {
			isa = XCRemoteSwiftPackageReference;
			repositoryURL = "https://github.com/briannadoubt/FilesUI.git";
			requirement = {
				branch = main;
				kind = branch;
			};
		};
/* End XCRemoteSwiftPackageReference section */

/* Begin XCSwiftPackageProductDependency section */
		032FA47F2734B2DC00EDA764 /* ShareSheet */ = {
			isa = XCSwiftPackageProductDependency;
			package = 032FA47E2734B2DC00EDA764 /* XCRemoteSwiftPackageReference "ShareSheet" */;
			productName = ShareSheet;
		};
		03F70C6F2731EC7200476AC4 /* FilesUI */ = {
			isa = XCSwiftPackageProductDependency;
			package = 03F70C6E2731EC7200476AC4 /* XCRemoteSwiftPackageReference "FilesUI" */;
			productName = FilesUI;
		};
		03F70C802733378A00476AC4 /* FilesUI */ = {
			isa = XCSwiftPackageProductDependency;
			package = 03F70C6E2731EC7200476AC4 /* XCRemoteSwiftPackageReference "FilesUI" */;
			productName = FilesUI;
		};
/* End XCSwiftPackageProductDependency section */
	};
	rootObject = 038AFF31272F3A7D00CE33C8 /* Project object */;
}
